
Microsoft Visual Studio Solution File, Format Version 12.00
# Visual Studio 15
VisualStudioVersion = 15.0.28307.136
MinimumVisualStudioVersion = 10.0.40219.1
Project("{8BC9CEB8-8B4A-11D0-8D11-00A0C91BC942}") = "Arrow", "Arrow\Arrow.vcxproj", "{5BBBAD07-0CED-490A-9B1B-0845B9B06BC1}"
EndProject
Global
	GlobalSection(SolutionConfigurationPlatforms) = preSolution
		Debug|x64 = Debug|x64
		Debug|x86 = Debug|x86
		Release|x64 = Release|x64
		Release|x86 = Release|x86
	EndGlobalSection
	GlobalSection(ProjectConfigurationPlatforms) = postSolution
		{5BBBAD07-0CED-490A-9B1B-0845B9B06BC1}.Debug|x64.ActiveCfg = Debug|x64
		{5BBBAD07-0CED-490A-9B1B-0845B9B06BC1}.Debug|x64.Build.0 = Debug|x64
		{5BBBAD07-0CED-490A-9B1B-0845B9B06BC1}.Debug|x86.ActiveCfg = Debug|Win32
		{5BBBAD07-0CED-490A-9B1B-0845B9B06BC1}.Debug|x86.Build.0 = Debug|Win32
		{5BBBAD07-0CED-490A-9B1B-0845B9B06BC1}.Release|x64.ActiveCfg = Release|x64
		{5BBBAD07-0CED-490A-9B1B-0845B9B06BC1}.Release|x64.Build.0 = Release|x64
		{5BBBAD07-0CED-490A-9B1B-0845B9B06BC1}.Release|x86.ActiveCfg = Release|Win32
		{5BBBAD07-0CED-490A-9B1B-0845B9B06BC1}.Release|x86.Build.0 = Release|Win32
	EndGlobalSection
	GlobalSection(SolutionProperties) = preSolution
		HideSolutionNode = FALSE
	EndGlobalSection
	GlobalSection(ExtensibilityGlobals) = postSolution
		SolutionGuid = {CFEEDAA8-4554-43AC-B31A-CF75DD0FEB1F}
	EndGlobalSection
EndGlobal
